
Microsoft Visual Studio Solution File, Format Version 12.00
# Visual Studio Version 17
Project("{8BC9CEB8-8B4A-11D0-8D11-00A0C91BC942}") = "ALL_BUILD", "ALL_BUILD.vcxproj", "{F67F6588-236D-35FF-9D42-839F014CCB76}"
	ProjectSection(ProjectDependencies) = postProject
		{43D5251E-FAC3-378E-9E21-83B127E28419} = {43D5251E-FAC3-378E-9E21-83B127E28419}
		{F33AF0F2-F4DA-37E4-9B99-16E5E9605491} = {F33AF0F2-F4DA-37E4-9B99-16E5E9605491}
		{C3F57649-806E-34CA-9B25-8145D93EE3E1} = {C3F57649-806E-34CA-9B25-8145D93EE3E1}
		{A7628A0B-8204-311F-BB0B-28D1F18E2831} = {A7628A0B-8204-311F-BB0B-28D1F18E2831}
	EndProjectSection
EndProject
Project("{8BC9CEB8-8B4A-11D0-8D11-00A0C91BC942}") = "INSTALL", "INSTALL.vcxproj", "{D0C9297B-3AB5-32BA-A0BA-6CE00951584E}"
	ProjectSection(ProjectDependencies) = postProject
		{F67F6588-236D-35FF-9D42-839F014CCB76} = {F67F6588-236D-35FF-9D42-839F014CCB76}
		{43D5251E-FAC3-378E-9E21-83B127E28419} = {43D5251E-FAC3-378E-9E21-83B127E28419}
	EndProjectSection
EndProject
Project("{8BC9CEB8-8B4A-11D0-8D11-00A0C91BC942}") = "UpdateAssimpLibsDebugSymbolsAndDLLs", "UpdateAssimpLibsDebugSymbolsAndDLLs.vcxproj", "{EF6CD49D-8FCC-34FC-A218-5EC9C439557B}"
	ProjectSection(ProjectDependencies) = postProject
		{43D5251E-FAC3-378E-9E21-83B127E28419} = {43D5251E-FAC3-378E-9E21-83B127E28419}
	EndProjectSection
EndProject
Project("{8BC9CEB8-8B4A-11D0-8D11-00A0C91BC942}") = "ZERO_CHECK", "ZERO_CHECK.vcxproj", "{43D5251E-FAC3-378E-9E21-83B127E28419}"
	ProjectSection(ProjectDependencies) = postProject
	EndProjectSection
EndProject
Project("{8BC9CEB8-8B4A-11D0-8D11-00A0C91BC942}") = "assimp", "code\assimp.vcxproj", "{F33AF0F2-F4DA-37E4-9B99-16E5E9605491}"
	ProjectSection(ProjectDependencies) = postProject
		{43D5251E-FAC3-378E-9E21-83B127E28419} = {43D5251E-FAC3-378E-9E21-83B127E28419}
		{A7628A0B-8204-311F-BB0B-28D1F18E2831} = {A7628A0B-8204-311F-BB0B-28D1F18E2831}
	EndProjectSection
EndProject
Project("{8BC9CEB8-8B4A-11D0-8D11-00A0C91BC942}") = "uninstall", "uninstall.vcxproj", "{B87A9E9B-69A3-360E-A594-C4ED6820C57A}"
	ProjectSection(ProjectDependencies) = postProject
		{43D5251E-FAC3-378E-9E21-83B127E28419} = {43D5251E-FAC3-378E-9E21-83B127E28419}
	EndProjectSection
EndProject
Project("{8BC9CEB8-8B4A-11D0-8D11-00A0C91BC942}") = "unit", "test\unit.vcxproj", "{C3F57649-806E-34CA-9B25-8145D93EE3E1}"
	ProjectSection(ProjectDependencies) = postProject
		{43D5251E-FAC3-378E-9E21-83B127E28419} = {43D5251E-FAC3-378E-9E21-83B127E28419}
		{F33AF0F2-F4DA-37E4-9B99-16E5E9605491} = {F33AF0F2-F4DA-37E4-9B99-16E5E9605491}
		{A7628A0B-8204-311F-BB0B-28D1F18E2831} = {A7628A0B-8204-311F-BB0B-28D1F18E2831}
	EndProjectSection
EndProject
Project("{8BC9CEB8-8B4A-11D0-8D11-00A0C91BC942}") = "zlibstatic", "contrib\zlib\zlibstatic.vcxproj", "{A7628A0B-8204-311F-BB0B-28D1F18E2831}"
	ProjectSection(ProjectDependencies) = postProject
		{43D5251E-FAC3-378E-9E21-83B127E28419} = {43D5251E-FAC3-378E-9E21-83B127E28419}
	EndProjectSection
EndProject
Global
	GlobalSection(SolutionConfigurationPlatforms) = preSolution
		Debug|x64 = Debug|x64
		Release|x64 = Release|x64
		MinSizeRel|x64 = MinSizeRel|x64
		RelWithDebInfo|x64 = RelWithDebInfo|x64
	EndGlobalSection
	GlobalSection(ProjectConfigurationPlatforms) = postSolution
		{F67F6588-236D-35FF-9D42-839F014CCB76}.Debug|x64.ActiveCfg = Debug|x64
		{F67F6588-236D-35FF-9D42-839F014CCB76}.Debug|x64.Build.0 = Debug|x64
		{F67F6588-236D-35FF-9D42-839F014CCB76}.Release|x64.ActiveCfg = Release|x64
		{F67F6588-236D-35FF-9D42-839F014CCB76}.Release|x64.Build.0 = Release|x64
		{F67F6588-236D-35FF-9D42-839F014CCB76}.MinSizeRel|x64.ActiveCfg = MinSizeRel|x64
		{F67F6588-236D-35FF-9D42-839F014CCB76}.MinSizeRel|x64.Build.0 = MinSizeRel|x64
		{F67F6588-236D-35FF-9D42-839F014CCB76}.RelWithDebInfo|x64.ActiveCfg = RelWithDebInfo|x64
		{F67F6588-236D-35FF-9D42-839F014CCB76}.RelWithDebInfo|x64.Build.0 = RelWithDebInfo|x64
		{D0C9297B-3AB5-32BA-A0BA-6CE00951584E}.Debug|x64.ActiveCfg = Debug|x64
		{D0C9297B-3AB5-32BA-A0BA-6CE00951584E}.Release|x64.ActiveCfg = Release|x64
		{D0C9297B-3AB5-32BA-A0BA-6CE00951584E}.MinSizeRel|x64.ActiveCfg = MinSizeRel|x64
		{D0C9297B-3AB5-32BA-A0BA-6CE00951584E}.RelWithDebInfo|x64.ActiveCfg = RelWithDebInfo|x64
		{EF6CD49D-8FCC-34FC-A218-5EC9C439557B}.Debug|x64.ActiveCfg = Debug|x64
		{EF6CD49D-8FCC-34FC-A218-5EC9C439557B}.Release|x64.ActiveCfg = Release|x64
		{EF6CD49D-8FCC-34FC-A218-5EC9C439557B}.MinSizeRel|x64.ActiveCfg = MinSizeRel|x64
		{EF6CD49D-8FCC-34FC-A218-5EC9C439557B}.RelWithDebInfo|x64.ActiveCfg = RelWithDebInfo|x64
		{43D5251E-FAC3-378E-9E21-83B127E28419}.Debug|x64.ActiveCfg = Debug|x64
		{43D5251E-FAC3-378E-9E21-83B127E28419}.Debug|x64.Build.0 = Debug|x64
		{43D5251E-FAC3-378E-9E21-83B127E28419}.Release|x64.ActiveCfg = Release|x64
		{43D5251E-FAC3-378E-9E21-83B127E28419}.Release|x64.Build.0 = Release|x64
		{43D5251E-FAC3-378E-9E21-83B127E28419}.MinSizeRel|x64.ActiveCfg = MinSizeRel|x64
		{43D5251E-FAC3-378E-9E21-83B127E28419}.MinSizeRel|x64.Build.0 = MinSizeRel|x64
		{43D5251E-FAC3-378E-9E21-83B127E28419}.RelWithDebInfo|x64.ActiveCfg = RelWithDebInfo|x64
		{43D5251E-FAC3-378E-9E21-83B127E28419}.RelWithDebInfo|x64.Build.0 = RelWithDebInfo|x64
		{F33AF0F2-F4DA-37E4-9B99-16E5E9605491}.Debug|x64.ActiveCfg = Debug|x64
		{F33AF0F2-F4DA-37E4-9B99-16E5E9605491}.Debug|x64.Build.0 = Debug|x64
		{F33AF0F2-F4DA-37E4-9B99-16E5E9605491}.Release|x64.ActiveCfg = Release|x64
		{F33AF0F2-F4DA-37E4-9B99-16E5E9605491}.Release|x64.Build.0 = Release|x64
		{F33AF0F2-F4DA-37E4-9B99-16E5E9605491}.MinSizeRel|x64.ActiveCfg = MinSizeRel|x64
		{F33AF0F2-F4DA-37E4-9B99-16E5E9605491}.MinSizeRel|x64.Build.0 = MinSizeRel|x64
		{F33AF0F2-F4DA-37E4-9B99-16E5E9605491}.RelWithDebInfo|x64.ActiveCfg = RelWithDebInfo|x64
		{F33AF0F2-F4DA-37E4-9B99-16E5E9605491}.RelWithDebInfo|x64.Build.0 = RelWithDebInfo|x64
		{B87A9E9B-69A3-360E-A594-C4ED6820C57A}.Debug|x64.ActiveCfg = Debug|x64
		{B87A9E9B-69A3-360E-A594-C4ED6820C57A}.Release|x64.ActiveCfg = Release|x64
		{B87A9E9B-69A3-360E-A594-C4ED6820C57A}.MinSizeRel|x64.ActiveCfg = MinSizeRel|x64
		{B87A9E9B-69A3-360E-A594-C4ED6820C57A}.RelWithDebInfo|x64.ActiveCfg = RelWithDebInfo|x64
		{C3F57649-806E-34CA-9B25-8145D93EE3E1}.Debug|x64.ActiveCfg = Debug|x64
		{C3F57649-806E-34CA-9B25-8145D93EE3E1}.Debug|x64.Build.0 = Debug|x64
		{C3F57649-806E-34CA-9B25-8145D93EE3E1}.Release|x64.ActiveCfg = Release|x64
		{C3F57649-806E-34CA-9B25-8145D93EE3E1}.Release|x64.Build.0 = Release|x64
		{C3F57649-806E-34CA-9B25-8145D93EE3E1}.MinSizeRel|x64.ActiveCfg = MinSizeRel|x64
		{C3F57649-806E-34CA-9B25-8145D93EE3E1}.MinSizeRel|x64.Build.0 = MinSizeRel|x64
		{C3F57649-806E-34CA-9B25-8145D93EE3E1}.RelWithDebInfo|x64.ActiveCfg = RelWithDebInfo|x64
		{C3F57649-806E-34CA-9B25-8145D93EE3E1}.RelWithDebInfo|x64.Build.0 = RelWithDebInfo|x64
		{A7628A0B-8204-311F-BB0B-28D1F18E2831}.Debug|x64.ActiveCfg = Debug|x64
		{A7628A0B-8204-311F-BB0B-28D1F18E2831}.Debug|x64.Build.0 = Debug|x64
		{A7628A0B-8204-311F-BB0B-28D1F18E2831}.Release|x64.ActiveCfg = Release|x64
		{A7628A0B-8204-311F-BB0B-28D1F18E2831}.Release|x64.Build.0 = Release|x64
		{A7628A0B-8204-311F-BB0B-28D1F18E2831}.MinSizeRel|x64.ActiveCfg = MinSizeRel|x64
		{A7628A0B-8204-311F-BB0B-28D1F18E2831}.MinSizeRel|x64.Build.0 = MinSizeRel|x64
		{A7628A0B-8204-311F-BB0B-28D1F18E2831}.RelWithDebInfo|x64.ActiveCfg = RelWithDebInfo|x64
		{A7628A0B-8204-311F-BB0B-28D1F18E2831}.RelWithDebInfo|x64.Build.0 = RelWithDebInfo|x64
	EndGlobalSection
	GlobalSection(ExtensibilityGlobals) = postSolution
		SolutionGuid = {51B994C3-3C28-3D52-83C3-31E60AB2B5BB}
	EndGlobalSection
	GlobalSection(ExtensibilityAddIns) = postSolution
	EndGlobalSection
EndGlobal
