<?xml version="1.0" encoding="utf-8"?>
<Project ToolsVersion="17.0" xmlns="http://schemas.microsoft.com/developer/msbuild/2003">
  <ItemGroup>
    <ClCompile Include="C:\Users\jaken\Perforce\jakenicolaides_StudioPC\UnseenEngine\Vendors\ASSIMP\test\unit\CCompilerTest.c">
      <Filter>UnitTests\Compiler</Filter>
    </ClCompile>
    <ClCompile Include="C:\Users\jaken\Perforce\jakenicolaides_StudioPC\UnseenEngine\Vendors\ASSIMP\test\unit\Main.cpp">
      <Filter>Source Files</Filter>
    </ClCompile>
    <ClCompile Include="C:\Users\jaken\Perforce\jakenicolaides_StudioPC\UnseenEngine\Vendors\ASSIMP\code\Common\Version.cpp">
      <Filter>Source Files</Filter>
    </ClCompile>
    <ClCompile Include="C:\Users\jaken\Perforce\jakenicolaides_StudioPC\UnseenEngine\Vendors\ASSIMP\code\Common\Base64.cpp">
      <Filter>Source Files</Filter>
    </ClCompile>
    <ClCompile Include="C:\Users\jaken\Perforce\jakenicolaides_StudioPC\UnseenEngine\Vendors\ASSIMP\test\unit\utSimd.cpp">
      <Filter>UnitTests\Common</Filter>
    </ClCompile>
    <ClCompile Include="C:\Users\jaken\Perforce\jakenicolaides_StudioPC\UnseenEngine\Vendors\ASSIMP\test\unit\utIOSystem.cpp">
      <Filter>UnitTests\Common</Filter>
    </ClCompile>
    <ClCompile Include="C:\Users\jaken\Perforce\jakenicolaides_StudioPC\UnseenEngine\Vendors\ASSIMP\test\unit\utIOStreamBuffer.cpp">
      <Filter>UnitTests\Common</Filter>
    </ClCompile>
    <ClCompile Include="C:\Users\jaken\Perforce\jakenicolaides_StudioPC\UnseenEngine\Vendors\ASSIMP\test\unit\utIssues.cpp">
      <Filter>UnitTests\Common</Filter>
    </ClCompile>
    <ClCompile Include="C:\Users\jaken\Perforce\jakenicolaides_StudioPC\UnseenEngine\Vendors\ASSIMP\test\unit\utAnim.cpp">
      <Filter>UnitTests\Common</Filter>
    </ClCompile>
    <ClCompile Include="C:\Users\jaken\Perforce\jakenicolaides_StudioPC\UnseenEngine\Vendors\ASSIMP\test\unit\AssimpAPITest.cpp">
      <Filter>UnitTests\Common</Filter>
    </ClCompile>
    <ClCompile Include="C:\Users\jaken\Perforce\jakenicolaides_StudioPC\UnseenEngine\Vendors\ASSIMP\test\unit\AssimpAPITest_aiMatrix3x3.cpp">
      <Filter>UnitTests\Common</Filter>
    </ClCompile>
    <ClCompile Include="C:\Users\jaken\Perforce\jakenicolaides_StudioPC\UnseenEngine\Vendors\ASSIMP\test\unit\AssimpAPITest_aiMatrix4x4.cpp">
      <Filter>UnitTests\Common</Filter>
    </ClCompile>
    <ClCompile Include="C:\Users\jaken\Perforce\jakenicolaides_StudioPC\UnseenEngine\Vendors\ASSIMP\test\unit\AssimpAPITest_aiQuaternion.cpp">
      <Filter>UnitTests\Common</Filter>
    </ClCompile>
    <ClCompile Include="C:\Users\jaken\Perforce\jakenicolaides_StudioPC\UnseenEngine\Vendors\ASSIMP\test\unit\AssimpAPITest_aiVector2D.cpp">
      <Filter>UnitTests\Common</Filter>
    </ClCompile>
    <ClCompile Include="C:\Users\jaken\Perforce\jakenicolaides_StudioPC\UnseenEngine\Vendors\ASSIMP\test\unit\AssimpAPITest_aiVector3D.cpp">
      <Filter>UnitTests\Common</Filter>
    </ClCompile>
    <ClCompile Include="C:\Users\jaken\Perforce\jakenicolaides_StudioPC\UnseenEngine\Vendors\ASSIMP\test\unit\MathTest.cpp">
      <Filter>UnitTests\Common</Filter>
    </ClCompile>
    <ClCompile Include="C:\Users\jaken\Perforce\jakenicolaides_StudioPC\UnseenEngine\Vendors\ASSIMP\test\unit\utBatchLoader.cpp">
      <Filter>UnitTests\Common</Filter>
    </ClCompile>
    <ClCompile Include="C:\Users\jaken\Perforce\jakenicolaides_StudioPC\UnseenEngine\Vendors\ASSIMP\test\unit\utDefaultIOStream.cpp">
      <Filter>UnitTests\Common</Filter>
    </ClCompile>
    <ClCompile Include="C:\Users\jaken\Perforce\jakenicolaides_StudioPC\UnseenEngine\Vendors\ASSIMP\test\unit\utFastAtof.cpp">
      <Filter>UnitTests\Common</Filter>
    </ClCompile>
    <ClCompile Include="C:\Users\jaken\Perforce\jakenicolaides_StudioPC\UnseenEngine\Vendors\ASSIMP\test\unit\utMetadata.cpp">
      <Filter>UnitTests\Common</Filter>
    </ClCompile>
    <ClCompile Include="C:\Users\jaken\Perforce\jakenicolaides_StudioPC\UnseenEngine\Vendors\ASSIMP\test\unit\SceneDiffer.cpp">
      <Filter>UnitTests\Common</Filter>
    </ClCompile>
    <ClCompile Include="C:\Users\jaken\Perforce\jakenicolaides_StudioPC\UnseenEngine\Vendors\ASSIMP\test\unit\AbstractImportExportBase.cpp">
      <Filter>UnitTests\Common</Filter>
    </ClCompile>
    <ClCompile Include="C:\Users\jaken\Perforce\jakenicolaides_StudioPC\UnseenEngine\Vendors\ASSIMP\test\unit\utTypes.cpp">
      <Filter>UnitTests\Common</Filter>
    </ClCompile>
    <ClCompile Include="C:\Users\jaken\Perforce\jakenicolaides_StudioPC\UnseenEngine\Vendors\ASSIMP\test\unit\utVersion.cpp">
      <Filter>UnitTests\Common</Filter>
    </ClCompile>
    <ClCompile Include="C:\Users\jaken\Perforce\jakenicolaides_StudioPC\UnseenEngine\Vendors\ASSIMP\test\unit\utProfiler.cpp">
      <Filter>UnitTests\Common</Filter>
    </ClCompile>
    <ClCompile Include="C:\Users\jaken\Perforce\jakenicolaides_StudioPC\UnseenEngine\Vendors\ASSIMP\test\unit\utSharedPPData.cpp">
      <Filter>UnitTests\Common</Filter>
    </ClCompile>
    <ClCompile Include="C:\Users\jaken\Perforce\jakenicolaides_StudioPC\UnseenEngine\Vendors\ASSIMP\test\unit\utStringUtils.cpp">
      <Filter>UnitTests\Common</Filter>
    </ClCompile>
    <ClCompile Include="C:\Users\jaken\Perforce\jakenicolaides_StudioPC\UnseenEngine\Vendors\ASSIMP\test\unit\Common\utMaybe.cpp">
      <Filter>UnitTests\Common</Filter>
    </ClCompile>
    <ClCompile Include="C:\Users\jaken\Perforce\jakenicolaides_StudioPC\UnseenEngine\Vendors\ASSIMP\test\unit\Common\utMesh.cpp">
      <Filter>UnitTests\Common</Filter>
    </ClCompile>
    <ClCompile Include="C:\Users\jaken\Perforce\jakenicolaides_StudioPC\UnseenEngine\Vendors\ASSIMP\test\unit\Common\utStandardShapes.cpp">
      <Filter>UnitTests\Common</Filter>
    </ClCompile>
    <ClCompile Include="C:\Users\jaken\Perforce\jakenicolaides_StudioPC\UnseenEngine\Vendors\ASSIMP\test\unit\Common\uiScene.cpp">
      <Filter>UnitTests\Common</Filter>
    </ClCompile>
    <ClCompile Include="C:\Users\jaken\Perforce\jakenicolaides_StudioPC\UnseenEngine\Vendors\ASSIMP\test\unit\Common\utLineSplitter.cpp">
      <Filter>UnitTests\Common</Filter>
    </ClCompile>
    <ClCompile Include="C:\Users\jaken\Perforce\jakenicolaides_StudioPC\UnseenEngine\Vendors\ASSIMP\test\unit\Common\utSpatialSort.cpp">
      <Filter>UnitTests\Common</Filter>
    </ClCompile>
    <ClCompile Include="C:\Users\jaken\Perforce\jakenicolaides_StudioPC\UnseenEngine\Vendors\ASSIMP\test\unit\Common\utAssertHandler.cpp">
      <Filter>UnitTests\Common</Filter>
    </ClCompile>
    <ClCompile Include="C:\Users\jaken\Perforce\jakenicolaides_StudioPC\UnseenEngine\Vendors\ASSIMP\test\unit\Common\utXmlParser.cpp">
      <Filter>UnitTests\Common</Filter>
    </ClCompile>
    <ClCompile Include="C:\Users\jaken\Perforce\jakenicolaides_StudioPC\UnseenEngine\Vendors\ASSIMP\test\unit\Common\utBase64.cpp">
      <Filter>UnitTests\Common</Filter>
    </ClCompile>
    <ClCompile Include="C:\Users\jaken\Perforce\jakenicolaides_StudioPC\UnseenEngine\Vendors\ASSIMP\test\unit\Common\utHash.cpp">
      <Filter>UnitTests\Common</Filter>
    </ClCompile>
    <ClCompile Include="C:\Users\jaken\Perforce\jakenicolaides_StudioPC\UnseenEngine\Vendors\ASSIMP\test\unit\Common\utBaseProcess.cpp">
      <Filter>UnitTests\Common</Filter>
    </ClCompile>
    <ClCompile Include="C:\Users\jaken\Perforce\jakenicolaides_StudioPC\UnseenEngine\Vendors\ASSIMP\test\unit\ImportExport\Assxml\utAssxmlImportExport.cpp">
      <Filter>UnitTests\ImportExport</Filter>
    </ClCompile>
    <ClCompile Include="C:\Users\jaken\Perforce\jakenicolaides_StudioPC\UnseenEngine\Vendors\ASSIMP\test\unit\utLWSImportExport.cpp">
      <Filter>UnitTests\ImportExport</Filter>
    </ClCompile>
    <ClCompile Include="C:\Users\jaken\Perforce\jakenicolaides_StudioPC\UnseenEngine\Vendors\ASSIMP\test\unit\utLWOImportExport.cpp">
      <Filter>UnitTests\ImportExport</Filter>
    </ClCompile>
    <ClCompile Include="C:\Users\jaken\Perforce\jakenicolaides_StudioPC\UnseenEngine\Vendors\ASSIMP\test\unit\utSMDImportExport.cpp">
      <Filter>UnitTests\ImportExport</Filter>
    </ClCompile>
    <ClCompile Include="C:\Users\jaken\Perforce\jakenicolaides_StudioPC\UnseenEngine\Vendors\ASSIMP\test\unit\utglTFImportExport.cpp">
      <Filter>UnitTests\ImportExport</Filter>
    </ClCompile>
    <ClCompile Include="C:\Users\jaken\Perforce\jakenicolaides_StudioPC\UnseenEngine\Vendors\ASSIMP\test\unit\utglTF2ImportExport.cpp">
      <Filter>UnitTests\ImportExport</Filter>
    </ClCompile>
    <ClCompile Include="C:\Users\jaken\Perforce\jakenicolaides_StudioPC\UnseenEngine\Vendors\ASSIMP\test\unit\utHMPImportExport.cpp">
      <Filter>UnitTests\ImportExport</Filter>
    </ClCompile>
    <ClCompile Include="C:\Users\jaken\Perforce\jakenicolaides_StudioPC\UnseenEngine\Vendors\ASSIMP\test\unit\utIFCImportExport.cpp">
      <Filter>UnitTests\ImportExport</Filter>
    </ClCompile>
    <ClCompile Include="C:\Users\jaken\Perforce\jakenicolaides_StudioPC\UnseenEngine\Vendors\ASSIMP\test\unit\utFBXImporterExporter.cpp">
      <Filter>UnitTests\ImportExport</Filter>
    </ClCompile>
    <ClCompile Include="C:\Users\jaken\Perforce\jakenicolaides_StudioPC\UnseenEngine\Vendors\ASSIMP\test\unit\utImporter.cpp">
      <Filter>UnitTests\ImportExport</Filter>
    </ClCompile>
    <ClCompile Include="C:\Users\jaken\Perforce\jakenicolaides_StudioPC\UnseenEngine\Vendors\ASSIMP\test\unit\ImportExport\utExporter.cpp">
      <Filter>UnitTests\ImportExport</Filter>
    </ClCompile>
    <ClCompile Include="C:\Users\jaken\Perforce\jakenicolaides_StudioPC\UnseenEngine\Vendors\ASSIMP\test\unit\ut3DImportExport.cpp">
      <Filter>UnitTests\ImportExport</Filter>
    </ClCompile>
    <ClCompile Include="C:\Users\jaken\Perforce\jakenicolaides_StudioPC\UnseenEngine\Vendors\ASSIMP\test\unit\ut3DSImportExport.cpp">
      <Filter>UnitTests\ImportExport</Filter>
    </ClCompile>
    <ClCompile Include="C:\Users\jaken\Perforce\jakenicolaides_StudioPC\UnseenEngine\Vendors\ASSIMP\test\unit\utACImportExport.cpp">
      <Filter>UnitTests\ImportExport</Filter>
    </ClCompile>
    <ClCompile Include="C:\Users\jaken\Perforce\jakenicolaides_StudioPC\UnseenEngine\Vendors\ASSIMP\test\unit\utAMFImportExport.cpp">
      <Filter>UnitTests\ImportExport</Filter>
    </ClCompile>
    <ClCompile Include="C:\Users\jaken\Perforce\jakenicolaides_StudioPC\UnseenEngine\Vendors\ASSIMP\test\unit\utASEImportExport.cpp">
      <Filter>UnitTests\ImportExport</Filter>
    </ClCompile>
    <ClCompile Include="C:\Users\jaken\Perforce\jakenicolaides_StudioPC\UnseenEngine\Vendors\ASSIMP\test\unit\utD3MFImportExport.cpp">
      <Filter>UnitTests\ImportExport</Filter>
    </ClCompile>
    <ClCompile Include="C:\Users\jaken\Perforce\jakenicolaides_StudioPC\UnseenEngine\Vendors\ASSIMP\test\unit\utQ3DImportExport.cpp">
      <Filter>UnitTests\ImportExport</Filter>
    </ClCompile>
    <ClCompile Include="C:\Users\jaken\Perforce\jakenicolaides_StudioPC\UnseenEngine\Vendors\ASSIMP\test\unit\utSTLImportExport.cpp">
      <Filter>UnitTests\ImportExport</Filter>
    </ClCompile>
    <ClCompile Include="C:\Users\jaken\Perforce\jakenicolaides_StudioPC\UnseenEngine\Vendors\ASSIMP\test\unit\utXImporterExporter.cpp">
      <Filter>UnitTests\ImportExport</Filter>
    </ClCompile>
    <ClCompile Include="C:\Users\jaken\Perforce\jakenicolaides_StudioPC\UnseenEngine\Vendors\ASSIMP\test\unit\utX3DImportExport.cpp">
      <Filter>UnitTests\ImportExport</Filter>
    </ClCompile>
    <ClCompile Include="C:\Users\jaken\Perforce\jakenicolaides_StudioPC\UnseenEngine\Vendors\ASSIMP\test\unit\utDXFImporterExporter.cpp">
      <Filter>UnitTests\ImportExport</Filter>
    </ClCompile>
    <ClCompile Include="C:\Users\jaken\Perforce\jakenicolaides_StudioPC\UnseenEngine\Vendors\ASSIMP\test\unit\utPMXImporter.cpp">
      <Filter>UnitTests\ImportExport</Filter>
    </ClCompile>
    <ClCompile Include="C:\Users\jaken\Perforce\jakenicolaides_StudioPC\UnseenEngine\Vendors\ASSIMP\test\unit\utPLYImportExport.cpp">
      <Filter>UnitTests\ImportExport</Filter>
    </ClCompile>
    <ClCompile Include="C:\Users\jaken\Perforce\jakenicolaides_StudioPC\UnseenEngine\Vendors\ASSIMP\test\unit\utObjImportExport.cpp">
      <Filter>UnitTests\ImportExport</Filter>
    </ClCompile>
    <ClCompile Include="C:\Users\jaken\Perforce\jakenicolaides_StudioPC\UnseenEngine\Vendors\ASSIMP\test\unit\utObjTools.cpp">
      <Filter>UnitTests\ImportExport</Filter>
    </ClCompile>
    <ClCompile Include="C:\Users\jaken\Perforce\jakenicolaides_StudioPC\UnseenEngine\Vendors\ASSIMP\test\unit\utOpenGEXImportExport.cpp">
      <Filter>UnitTests\ImportExport</Filter>
    </ClCompile>
    <ClCompile Include="C:\Users\jaken\Perforce\jakenicolaides_StudioPC\UnseenEngine\Vendors\ASSIMP\test\unit\utSIBImporter.cpp">
      <Filter>UnitTests\ImportExport</Filter>
    </ClCompile>
    <ClCompile Include="C:\Users\jaken\Perforce\jakenicolaides_StudioPC\UnseenEngine\Vendors\ASSIMP\test\unit\utBlenderIntermediate.cpp">
      <Filter>UnitTests\ImportExport</Filter>
    </ClCompile>
    <ClCompile Include="C:\Users\jaken\Perforce\jakenicolaides_StudioPC\UnseenEngine\Vendors\ASSIMP\test\unit\utBlendImportAreaLight.cpp">
      <Filter>UnitTests\ImportExport</Filter>
    </ClCompile>
    <ClCompile Include="C:\Users\jaken\Perforce\jakenicolaides_StudioPC\UnseenEngine\Vendors\ASSIMP\test\unit\utBlenderImportExport.cpp">
      <Filter>UnitTests\ImportExport</Filter>
    </ClCompile>
    <ClCompile Include="C:\Users\jaken\Perforce\jakenicolaides_StudioPC\UnseenEngine\Vendors\ASSIMP\test\unit\utBlendImportMaterials.cpp">
      <Filter>UnitTests\ImportExport</Filter>
    </ClCompile>
    <ClCompile Include="C:\Users\jaken\Perforce\jakenicolaides_StudioPC\UnseenEngine\Vendors\ASSIMP\test\unit\utBlenderWork.cpp">
      <Filter>UnitTests\ImportExport</Filter>
    </ClCompile>
    <ClCompile Include="C:\Users\jaken\Perforce\jakenicolaides_StudioPC\UnseenEngine\Vendors\ASSIMP\test\unit\utBVHImportExport.cpp">
      <Filter>UnitTests\ImportExport</Filter>
    </ClCompile>
    <ClCompile Include="C:\Users\jaken\Perforce\jakenicolaides_StudioPC\UnseenEngine\Vendors\ASSIMP\test\unit\utColladaExport.cpp">
      <Filter>UnitTests\ImportExport</Filter>
    </ClCompile>
    <ClCompile Include="C:\Users\jaken\Perforce\jakenicolaides_StudioPC\UnseenEngine\Vendors\ASSIMP\test\unit\utColladaImportExport.cpp">
      <Filter>UnitTests\ImportExport</Filter>
    </ClCompile>
    <ClCompile Include="C:\Users\jaken\Perforce\jakenicolaides_StudioPC\UnseenEngine\Vendors\ASSIMP\test\unit\utCSMImportExport.cpp">
      <Filter>UnitTests\ImportExport</Filter>
    </ClCompile>
    <ClCompile Include="C:\Users\jaken\Perforce\jakenicolaides_StudioPC\UnseenEngine\Vendors\ASSIMP\test\unit\utB3DImportExport.cpp">
      <Filter>UnitTests\ImportExport</Filter>
    </ClCompile>
    <ClCompile Include="C:\Users\jaken\Perforce\jakenicolaides_StudioPC\UnseenEngine\Vendors\ASSIMP\test\unit\utMDCImportExport.cpp">
      <Filter>UnitTests\ImportExport</Filter>
    </ClCompile>
    <ClCompile Include="C:\Users\jaken\Perforce\jakenicolaides_StudioPC\UnseenEngine\Vendors\ASSIMP\test\unit\utAssbinImportExport.cpp">
      <Filter>UnitTests\ImportExport</Filter>
    </ClCompile>
    <ClCompile Include="C:\Users\jaken\Perforce\jakenicolaides_StudioPC\UnseenEngine\Vendors\ASSIMP\test\unit\ImportExport\utAssjsonImportExport.cpp">
      <Filter>UnitTests\ImportExport</Filter>
    </ClCompile>
    <ClCompile Include="C:\Users\jaken\Perforce\jakenicolaides_StudioPC\UnseenEngine\Vendors\ASSIMP\test\unit\ImportExport\utCOBImportExport.cpp">
      <Filter>UnitTests\ImportExport</Filter>
    </ClCompile>
    <ClCompile Include="C:\Users\jaken\Perforce\jakenicolaides_StudioPC\UnseenEngine\Vendors\ASSIMP\test\unit\ImportExport\utOgreImportExport.cpp">
      <Filter>UnitTests\ImportExport</Filter>
    </ClCompile>
    <ClCompile Include="C:\Users\jaken\Perforce\jakenicolaides_StudioPC\UnseenEngine\Vendors\ASSIMP\test\unit\ImportExport\utQ3BSPFileImportExport.cpp">
      <Filter>UnitTests\ImportExport</Filter>
    </ClCompile>
    <ClCompile Include="C:\Users\jaken\Perforce\jakenicolaides_StudioPC\UnseenEngine\Vendors\ASSIMP\test\unit\ImportExport\utOFFImportExport.cpp">
      <Filter>UnitTests\ImportExport</Filter>
    </ClCompile>
    <ClCompile Include="C:\Users\jaken\Perforce\jakenicolaides_StudioPC\UnseenEngine\Vendors\ASSIMP\test\unit\ImportExport\utNFFImportExport.cpp">
      <Filter>UnitTests\ImportExport</Filter>
    </ClCompile>
    <ClCompile Include="C:\Users\jaken\Perforce\jakenicolaides_StudioPC\UnseenEngine\Vendors\ASSIMP\test\unit\ImportExport\utXGLImportExport.cpp">
      <Filter>UnitTests\ImportExport</Filter>
    </ClCompile>
    <ClCompile Include="C:\Users\jaken\Perforce\jakenicolaides_StudioPC\UnseenEngine\Vendors\ASSIMP\test\unit\ImportExport\utMD2Importer.cpp">
      <Filter>UnitTests\ImportExport</Filter>
    </ClCompile>
    <ClCompile Include="C:\Users\jaken\Perforce\jakenicolaides_StudioPC\UnseenEngine\Vendors\ASSIMP\test\unit\ImportExport\utMD5Importer.cpp">
      <Filter>UnitTests\ImportExport</Filter>
    </ClCompile>
    <ClCompile Include="C:\Users\jaken\Perforce\jakenicolaides_StudioPC\UnseenEngine\Vendors\ASSIMP\test\unit\ImportExport\utMDLImporter.cpp">
      <Filter>UnitTests\ImportExport</Filter>
    </ClCompile>
    <ClCompile Include="C:\Users\jaken\Perforce\jakenicolaides_StudioPC\UnseenEngine\Vendors\ASSIMP\test\unit\ImportExport\MDL\utMDLImporter_HL1_ImportSettings.cpp">
      <Filter>UnitTests\ImportExport</Filter>
    </ClCompile>
    <ClCompile Include="C:\Users\jaken\Perforce\jakenicolaides_StudioPC\UnseenEngine\Vendors\ASSIMP\test\unit\ImportExport\MDL\utMDLImporter_HL1_Materials.cpp">
      <Filter>UnitTests\ImportExport</Filter>
    </ClCompile>
    <ClCompile Include="C:\Users\jaken\Perforce\jakenicolaides_StudioPC\UnseenEngine\Vendors\ASSIMP\test\unit\ImportExport\MDL\utMDLImporter_HL1_Nodes.cpp">
      <Filter>UnitTests\ImportExport</Filter>
    </ClCompile>
    <ClCompile Include="C:\Users\jaken\Perforce\jakenicolaides_StudioPC\UnseenEngine\Vendors\ASSIMP\test\unit\ImportExport\RAW\utRAWImportExport.cpp">
      <Filter>UnitTests\ImportExport</Filter>
    </ClCompile>
    <ClCompile Include="C:\Users\jaken\Perforce\jakenicolaides_StudioPC\UnseenEngine\Vendors\ASSIMP\test\unit\ImportExport\Terragen\utTerragenImportExport.cpp">
      <Filter>UnitTests\ImportExport</Filter>
    </ClCompile>
    <ClCompile Include="C:\Users\jaken\Perforce\jakenicolaides_StudioPC\UnseenEngine\Vendors\ASSIMP\test\unit\utMaterialSystem.cpp">
      <Filter>UnitTests\Material</Filter>
    </ClCompile>
    <ClCompile Include="C:\Users\jaken\Perforce\jakenicolaides_StudioPC\UnseenEngine\Vendors\ASSIMP\test\unit\utMatrix3x3.cpp">
      <Filter>UnitTests\Math</Filter>
    </ClCompile>
    <ClCompile Include="C:\Users\jaken\Perforce\jakenicolaides_StudioPC\UnseenEngine\Vendors\ASSIMP\test\unit\utMatrix4x4.cpp">
      <Filter>UnitTests\Math</Filter>
    </ClCompile>
    <ClCompile Include="C:\Users\jaken\Perforce\jakenicolaides_StudioPC\UnseenEngine\Vendors\ASSIMP\test\unit\utVector3.cpp">
      <Filter>UnitTests\Math</Filter>
    </ClCompile>
    <ClCompile Include="C:\Users\jaken\Perforce\jakenicolaides_StudioPC\UnseenEngine\Vendors\ASSIMP\test\unit\utImproveCacheLocality.cpp">
      <Filter>UnitTests\PostProcess</Filter>
    </ClCompile>
    <ClCompile Include="C:\Users\jaken\Perforce\jakenicolaides_StudioPC\UnseenEngine\Vendors\ASSIMP\test\unit\utFixInfacingNormals.cpp">
      <Filter>UnitTests\PostProcess</Filter>
    </ClCompile>
    <ClCompile Include="C:\Users\jaken\Perforce\jakenicolaides_StudioPC\UnseenEngine\Vendors\ASSIMP\test\unit\utGenNormals.cpp">
      <Filter>UnitTests\PostProcess</Filter>
    </ClCompile>
    <ClCompile Include="C:\Users\jaken\Perforce\jakenicolaides_StudioPC\UnseenEngine\Vendors\ASSIMP\test\unit\utTriangulate.cpp">
      <Filter>UnitTests\PostProcess</Filter>
    </ClCompile>
    <ClCompile Include="C:\Users\jaken\Perforce\jakenicolaides_StudioPC\UnseenEngine\Vendors\ASSIMP\test\unit\utTextureTransform.cpp">
      <Filter>UnitTests\PostProcess</Filter>
    </ClCompile>
    <ClCompile Include="C:\Users\jaken\Perforce\jakenicolaides_StudioPC\UnseenEngine\Vendors\ASSIMP\test\unit\utRemoveRedundantMaterials.cpp">
      <Filter>UnitTests\PostProcess</Filter>
    </ClCompile>
    <ClCompile Include="C:\Users\jaken\Perforce\jakenicolaides_StudioPC\UnseenEngine\Vendors\ASSIMP\test\unit\utRemoveVCProcess.cpp">
      <Filter>UnitTests\PostProcess</Filter>
    </ClCompile>
    <ClCompile Include="C:\Users\jaken\Perforce\jakenicolaides_StudioPC\UnseenEngine\Vendors\ASSIMP\test\unit\utScaleProcess.cpp">
      <Filter>UnitTests\PostProcess</Filter>
    </ClCompile>
    <ClCompile Include="C:\Users\jaken\Perforce\jakenicolaides_StudioPC\UnseenEngine\Vendors\ASSIMP\test\unit\utArmaturePopulate.cpp">
      <Filter>UnitTests\PostProcess</Filter>
    </ClCompile>
    <ClCompile Include="C:\Users\jaken\Perforce\jakenicolaides_StudioPC\UnseenEngine\Vendors\ASSIMP\test\unit\utJoinVertices.cpp">
      <Filter>UnitTests\PostProcess</Filter>
    </ClCompile>
    <ClCompile Include="C:\Users\jaken\Perforce\jakenicolaides_StudioPC\UnseenEngine\Vendors\ASSIMP\test\unit\utRemoveComments.cpp">
      <Filter>UnitTests\PostProcess</Filter>
    </ClCompile>
    <ClCompile Include="C:\Users\jaken\Perforce\jakenicolaides_StudioPC\UnseenEngine\Vendors\ASSIMP\test\unit\utRemoveComponent.cpp">
      <Filter>UnitTests\PostProcess</Filter>
    </ClCompile>
    <ClCompile Include="C:\Users\jaken\Perforce\jakenicolaides_StudioPC\UnseenEngine\Vendors\ASSIMP\test\unit\utVertexTriangleAdjacency.cpp">
      <Filter>UnitTests\PostProcess</Filter>
    </ClCompile>
    <ClCompile Include="C:\Users\jaken\Perforce\jakenicolaides_StudioPC\UnseenEngine\Vendors\ASSIMP\test\unit\utSplitLargeMeshes.cpp">
      <Filter>UnitTests\PostProcess</Filter>
    </ClCompile>
    <ClCompile Include="C:\Users\jaken\Perforce\jakenicolaides_StudioPC\UnseenEngine\Vendors\ASSIMP\test\unit\utFindDegenerates.cpp">
      <Filter>UnitTests\PostProcess</Filter>
    </ClCompile>
    <ClCompile Include="C:\Users\jaken\Perforce\jakenicolaides_StudioPC\UnseenEngine\Vendors\ASSIMP\test\unit\utFindInvalidData.cpp">
      <Filter>UnitTests\PostProcess</Filter>
    </ClCompile>
    <ClCompile Include="C:\Users\jaken\Perforce\jakenicolaides_StudioPC\UnseenEngine\Vendors\ASSIMP\test\unit\utLimitBoneWeights.cpp">
      <Filter>UnitTests\PostProcess</Filter>
    </ClCompile>
    <ClCompile Include="C:\Users\jaken\Perforce\jakenicolaides_StudioPC\UnseenEngine\Vendors\ASSIMP\test\unit\utPretransformVertices.cpp">
      <Filter>UnitTests\PostProcess</Filter>
    </ClCompile>
    <ClCompile Include="C:\Users\jaken\Perforce\jakenicolaides_StudioPC\UnseenEngine\Vendors\ASSIMP\test\unit\utScenePreprocessor.cpp">
      <Filter>UnitTests\PostProcess</Filter>
    </ClCompile>
    <ClCompile Include="C:\Users\jaken\Perforce\jakenicolaides_StudioPC\UnseenEngine\Vendors\ASSIMP\test\unit\utTargetAnimation.cpp">
      <Filter>UnitTests\PostProcess</Filter>
    </ClCompile>
    <ClCompile Include="C:\Users\jaken\Perforce\jakenicolaides_StudioPC\UnseenEngine\Vendors\ASSIMP\test\unit\utSortByPType.cpp">
      <Filter>UnitTests\PostProcess</Filter>
    </ClCompile>
    <ClCompile Include="C:\Users\jaken\Perforce\jakenicolaides_StudioPC\UnseenEngine\Vendors\ASSIMP\test\unit\utSceneCombiner.cpp">
      <Filter>UnitTests\PostProcess</Filter>
    </ClCompile>
    <ClCompile Include="C:\Users\jaken\Perforce\jakenicolaides_StudioPC\UnseenEngine\Vendors\ASSIMP\test\unit\utGenBoundingBoxesProcess.cpp">
      <Filter>UnitTests\PostProcess</Filter>
    </ClCompile>
    <ClCompile Include="C:\Users\jaken\Perforce\jakenicolaides_StudioPC\UnseenEngine\Vendors\ASSIMP\contrib\gtest\src\gtest-all.cc">
      <Filter>Source Files</Filter>
    </ClCompile>
  </ItemGroup>
  <ItemGroup>
    <ClInclude Include="C:\Users\jaken\Perforce\jakenicolaides_StudioPC\UnseenEngine\Vendors\ASSIMP\test\unit\MathTest.h">
      <Filter>UnitTests\Common</Filter>
    </ClInclude>
    <ClInclude Include="C:\Users\jaken\Perforce\jakenicolaides_StudioPC\UnseenEngine\Vendors\ASSIMP\test\unit\RandomNumberGeneration.h">
      <Filter>UnitTests\Common</Filter>
    </ClInclude>
    <ClInclude Include="C:\Users\jaken\Perforce\jakenicolaides_StudioPC\UnseenEngine\Vendors\ASSIMP\test\unit\SceneDiffer.h">
      <Filter>UnitTests\Common</Filter>
    </ClInclude>
    <ClInclude Include="C:\Users\jaken\Perforce\jakenicolaides_StudioPC\UnseenEngine\Vendors\ASSIMP\test\unit\UTLogStream.h">
      <Filter>UnitTests\Common</Filter>
    </ClInclude>
    <ClInclude Include="C:\Users\jaken\Perforce\jakenicolaides_StudioPC\UnseenEngine\Vendors\ASSIMP\test\unit\TestIOSystem.h">
      <Filter>UnitTests\Common</Filter>
    </ClInclude>
    <ClInclude Include="C:\Users\jaken\Perforce\jakenicolaides_StudioPC\UnseenEngine\Vendors\ASSIMP\test\unit\TestModelFactory.h">
      <Filter>UnitTests\Common</Filter>
    </ClInclude>
    <ClInclude Include="C:\Users\jaken\Perforce\jakenicolaides_StudioPC\UnseenEngine\Vendors\ASSIMP\test\unit\ImportExport\MDL\MDLHL1TestFiles.h">
      <Filter>UnitTests\ImportExport</Filter>
    </ClInclude>
  </ItemGroup>
  <ItemGroup>
    <CustomBuild Include="C:\Users\jaken\Perforce\jakenicolaides_StudioPC\UnseenEngine\Vendors\ASSIMP\test\CMakeLists.txt" />
  </ItemGroup>
  <ItemGroup>
    <Filter Include="Source Files">
      <UniqueIdentifier>{5142DEA1-8D29-3E95-A887-49FE81018A3B}</UniqueIdentifier>
    </Filter>
    <Filter Include="UnitTests">
      <UniqueIdentifier>{B9CE6408-E21F-377F-9DDE-4531092252CB}</UniqueIdentifier>
    </Filter>
    <Filter Include="UnitTests\Common">
      <UniqueIdentifier>{8AC33F9D-F2DC-36E6-A8BB-8A6B3396AA3A}</UniqueIdentifier>
    </Filter>
    <Filter Include="UnitTests\Compiler">
      <UniqueIdentifier>{A40BA913-3FA2-3711-9F0A-F6721CF9F22B}</UniqueIdentifier>
    </Filter>
    <Filter Include="UnitTests\ImportExport">
      <UniqueIdentifier>{003F2ACA-4068-3504-A9DB-B8F49AE0D892}</UniqueIdentifier>
    </Filter>
    <Filter Include="UnitTests\Material">
      <UniqueIdentifier>{616C60CD-3A0C-36FC-97A6-F02FA7692FD9}</UniqueIdentifier>
    </Filter>
    <Filter Include="UnitTests\Math">
      <UniqueIdentifier>{A4A4F64D-825E-3EE3-8A0E-3C559C112E04}</UniqueIdentifier>
    </Filter>
    <Filter Include="UnitTests\PostProcess">
      <UniqueIdentifier>{D3E508FF-F70D-3EFD-8AF6-E922F165C2BA}</UniqueIdentifier>
    </Filter>
  </ItemGroup>
</Project>
